
Microsoft Visual Studio Solution File, Format Version 12.00
# Visual Studio Version 17
VisualStudioVersion = 17.0.31912.275
MinimumVisualStudioVersion = 10.0.40219.1
Project("{FAE04EC0-301F-11D3-BF4B-00C04F79EFBC}") = "HidingVila_server", "HidingVila_server\HidingVila_server.csproj", "{33BC5930-892D-433B-96DB-3051F791333B}"
EndProject
Global
	GlobalSection(SolutionConfigurationPlatforms) = preSolution
		Debug|Any CPU = Debug|Any CPU
		Release|Any CPU = Release|Any CPU
	EndGlobalSection
	GlobalSection(ProjectConfigurationPlatforms) = postSolution
		{33BC5930-892D-433B-96DB-3051F791333B}.Debug|Any CPU.ActiveCfg = Debug|Any CPU
		{33BC5930-892D-433B-96DB-3051F791333B}.Debug|Any CPU.Build.0 = Debug|Any CPU
		{33BC5930-892D-433B-96DB-3051F791333B}.Release|Any CPU.ActiveCfg = Release|Any CPU
		{33BC5930-892D-433B-96DB-3051F791333B}.Release|Any CPU.Build.0 = Release|Any CPU
	EndGlobalSection
	GlobalSection(SolutionProperties) = preSolution
		HideSolutionNode = FALSE
	EndGlobalSection
	GlobalSection(ExtensibilityGlobals) = postSolution
		SolutionGuid = {AC497291-1857-442B-8D44-D396A698E8DF}
	EndGlobalSection
EndGlobal
